// !$*UTF8*$!
{
	archiveVersion = 1;
	classes = {
	};
	objectVersion = 56;
	objects = {

/* Begin PBXBuildFile section */
		150BF5312C145DD500FDE8C2 /* TicketsSearchFieldView.swift in Sources */ = {isa = PBXBuildFile; fileRef = 150BF5302C145DD500FDE8C2 /* TicketsSearchFieldView.swift */; };
		150BF5332C145F0E00FDE8C2 /* CitySearchFieldView.swift in Sources */ = {isa = PBXBuildFile; fileRef = 150BF5322C145F0E00FDE8C2 /* CitySearchFieldView.swift */; };
		15278FB42C0F603000EC9757 /* TestApp.swift in Sources */ = {isa = PBXBuildFile; fileRef = 15278FB32C0F603000EC9757 /* TestApp.swift */; };
		15278FB62C0F603000EC9757 /* TicketsSearchView.swift in Sources */ = {isa = PBXBuildFile; fileRef = 15278FB52C0F603000EC9757 /* TicketsSearchView.swift */; };
		15278FB82C0F603200EC9757 /* Assets.xcassets in Resources */ = {isa = PBXBuildFile; fileRef = 15278FB72C0F603200EC9757 /* Assets.xcassets */; };
		15278FBB2C0F603200EC9757 /* Preview Assets.xcassets in Resources */ = {isa = PBXBuildFile; fileRef = 15278FBA2C0F603200EC9757 /* Preview Assets.xcassets */; };
		15278FC22C101A4000EC9757 /* OfferCollectionFetcher.swift in Sources */ = {isa = PBXBuildFile; fileRef = 15278FC12C101A4000EC9757 /* OfferCollectionFetcher.swift */; };
		154C51DA2C10CD0C008B9832 /* Fonts.swift in Sources */ = {isa = PBXBuildFile; fileRef = 154C51D92C10CD0C008B9832 /* Fonts.swift */; };
		154C51EB2C1197AA008B9832 /* Offer.swift in Sources */ = {isa = PBXBuildFile; fileRef = 154C51EA2C1197AA008B9832 /* Offer.swift */; };
		154C51EF2C119E45008B9832 /* CitySearchView.swift in Sources */ = {isa = PBXBuildFile; fileRef = 154C51EE2C119E45008B9832 /* CitySearchView.swift */; };
		156312422C137FBD00CEE3CA /* AviaFlightsView.swift in Sources */ = {isa = PBXBuildFile; fileRef = 156312412C137FBD00CEE3CA /* AviaFlightsView.swift */; };
/* End PBXBuildFile section */

/* Begin PBXFileReference section */
		150BF5302C145DD500FDE8C2 /* TicketsSearchFieldView.swift */ = {isa = PBXFileReference; lastKnownFileType = sourcecode.swift; path = TicketsSearchFieldView.swift; sourceTree = "<group>"; };
		150BF5322C145F0E00FDE8C2 /* CitySearchFieldView.swift */ = {isa = PBXFileReference; lastKnownFileType = sourcecode.swift; path = CitySearchFieldView.swift; sourceTree = "<group>"; };
		15278FB02C0F603000EC9757 /* Test.app */ = {isa = PBXFileReference; explicitFileType = wrapper.application; includeInIndex = 0; path = Test.app; sourceTree = BUILT_PRODUCTS_DIR; };
		15278FB32C0F603000EC9757 /* TestApp.swift */ = {isa = PBXFileReference; lastKnownFileType = sourcecode.swift; path = TestApp.swift; sourceTree = "<group>"; };
		15278FB52C0F603000EC9757 /* TicketsSearchView.swift */ = {isa = PBXFileReference; lastKnownFileType = sourcecode.swift; path = TicketsSearchView.swift; sourceTree = "<group>"; };
		15278FB72C0F603200EC9757 /* Assets.xcassets */ = {isa = PBXFileReference; lastKnownFileType = folder.assetcatalog; path = Assets.xcassets; sourceTree = "<group>"; };
		15278FBA2C0F603200EC9757 /* Preview Assets.xcassets */ = {isa = PBXFileReference; lastKnownFileType = folder.assetcatalog; path = "Preview Assets.xcassets"; sourceTree = "<group>"; };
		15278FC12C101A4000EC9757 /* OfferCollectionFetcher.swift */ = {isa = PBXFileReference; lastKnownFileType = sourcecode.swift; path = OfferCollectionFetcher.swift; sourceTree = "<group>"; };
		154C51D92C10CD0C008B9832 /* Fonts.swift */ = {isa = PBXFileReference; lastKnownFileType = sourcecode.swift; path = Fonts.swift; sourceTree = "<group>"; };
		154C51EA2C1197AA008B9832 /* Offer.swift */ = {isa = PBXFileReference; lastKnownFileType = sourcecode.swift; path = Offer.swift; sourceTree = "<group>"; };
		154C51EE2C119E45008B9832 /* CitySearchView.swift */ = {isa = PBXFileReference; lastKnownFileType = sourcecode.swift; path = CitySearchView.swift; sourceTree = "<group>"; };
		156312412C137FBD00CEE3CA /* AviaFlightsView.swift */ = {isa = PBXFileReference; lastKnownFileType = sourcecode.swift; path = AviaFlightsView.swift; sourceTree = "<group>"; };
/* End PBXFileReference section */

/* Begin PBXFrameworksBuildPhase section */
		15278FAD2C0F603000EC9757 /* Frameworks */ = {
			isa = PBXFrameworksBuildPhase;
			buildActionMask = 2147483647;
			files = (
			);
			runOnlyForDeploymentPostprocessing = 0;
		};
/* End PBXFrameworksBuildPhase section */

/* Begin PBXGroup section */
		15278FA72C0F603000EC9757 = {
			isa = PBXGroup;
			children = (
				15278FB22C0F603000EC9757 /* Test */,
				15278FB12C0F603000EC9757 /* Products */,
			);
			sourceTree = "<group>";
		};
		15278FB12C0F603000EC9757 /* Products */ = {
			isa = PBXGroup;
			children = (
				15278FB02C0F603000EC9757 /* Test.app */,
			);
			name = Products;
			sourceTree = "<group>";
		};
		15278FB22C0F603000EC9757 /* Test */ = {
			isa = PBXGroup;
			children = (
				15278FB32C0F603000EC9757 /* TestApp.swift */,
				15278FB52C0F603000EC9757 /* TicketsSearchView.swift */,
				150BF5302C145DD500FDE8C2 /* TicketsSearchFieldView.swift */,
				154C51EE2C119E45008B9832 /* CitySearchView.swift */,
				156312412C137FBD00CEE3CA /* AviaFlightsView.swift */,
				154C51ED2C1197F7008B9832 /* Model */,
				154C51EC2C1197EB008B9832 /* Helpers */,
				15278FB72C0F603200EC9757 /* Assets.xcassets */,
				15278FB92C0F603200EC9757 /* Preview Content */,
				150BF5322C145F0E00FDE8C2 /* CitySearchFieldView.swift */,
			);
			path = Test;
			sourceTree = "<group>";
		};
		15278FB92C0F603200EC9757 /* Preview Content */ = {
			isa = PBXGroup;
			children = (
				15278FBA2C0F603200EC9757 /* Preview Assets.xcassets */,
			);
			path = "Preview Content";
			sourceTree = "<group>";
		};
		154C51EC2C1197EB008B9832 /* Helpers */ = {
			isa = PBXGroup;
			children = (
				154C51D92C10CD0C008B9832 /* Fonts.swift */,
			);
			path = Helpers;
			sourceTree = "<group>";
		};
		154C51ED2C1197F7008B9832 /* Model */ = {
			isa = PBXGroup;
			children = (
				15278FC12C101A4000EC9757 /* OfferCollectionFetcher.swift */,
				154C51EA2C1197AA008B9832 /* Offer.swift */,
			);
			path = Model;
			sourceTree = "<group>";
		};
/* End PBXGroup section */

/* Begin PBXNativeTarget section */
		15278FAF2C0F603000EC9757 /* Test */ = {
			isa = PBXNativeTarget;
			buildConfigurationList = 15278FBE2C0F603200EC9757 /* Build configuration list for PBXNativeTarget "Test" */;
			buildPhases = (
				15278FAC2C0F603000EC9757 /* Sources */,
				15278FAD2C0F603000EC9757 /* Frameworks */,
				15278FAE2C0F603000EC9757 /* Resources */,
			);
			buildRules = (
			);
			dependencies = (
			);
			name = Test;
			productName = Test;
			productReference = 15278FB02C0F603000EC9757 /* Test.app */;
			productType = "com.apple.product-type.application";
		};
/* End PBXNativeTarget section */

/* Begin PBXProject section */
		15278FA82C0F603000EC9757 /* Project object */ = {
			isa = PBXProject;
			attributes = {
				BuildIndependentTargetsInParallel = 1;
				LastSwiftUpdateCheck = 1540;
				LastUpgradeCheck = 1540;
				TargetAttributes = {
					15278FAF2C0F603000EC9757 = {
						CreatedOnToolsVersion = 15.4;
					};
				};
			};
			buildConfigurationList = 15278FAB2C0F603000EC9757 /* Build configuration list for PBXProject "Test" */;
			compatibilityVersion = "Xcode 14.0";
			developmentRegion = en;
			hasScannedForEncodings = 0;
			knownRegions = (
				en,
				Base,
			);
			mainGroup = 15278FA72C0F603000EC9757;
			productRefGroup = 15278FB12C0F603000EC9757 /* Products */;
			projectDirPath = "";
			projectRoot = "";
			targets = (
				15278FAF2C0F603000EC9757 /* Test */,
			);
		};
/* End PBXProject section */

/* Begin PBXResourcesBuildPhase section */
		15278FAE2C0F603000EC9757 /* Resources */ = {
			isa = PBXResourcesBuildPhase;
			buildActionMask = 2147483647;
			files = (
				15278FBB2C0F603200EC9757 /* Preview Assets.xcassets in Resources */,
				15278FB82C0F603200EC9757 /* Assets.xcassets in Resources */,
			);
			runOnlyForDeploymentPostprocessing = 0;
		};
/* End PBXResourcesBuildPhase section */

/* Begin PBXSourcesBuildPhase section */
		15278FAC2C0F603000EC9757 /* Sources */ = {
			isa = PBXSourcesBuildPhase;
			buildActionMask = 2147483647;
			files = (
				154C51DA2C10CD0C008B9832 /* Fonts.swift in Sources */,
				154C51EF2C119E45008B9832 /* CitySearchView.swift in Sources */,
				154C51EB2C1197AA008B9832 /* Offer.swift in Sources */,
				150BF5312C145DD500FDE8C2 /* TicketsSearchFieldView.swift in Sources */,
				15278FC22C101A4000EC9757 /* OfferCollectionFetcher.swift in Sources */,
				15278FB62C0F603000EC9757 /* TicketsSearchView.swift in Sources */,
				156312422C137FBD00CEE3CA /* AviaFlightsView.swift in Sources */,
				150BF5332C145F0E00FDE8C2 /* CitySearchFieldView.swift in Sources */,
				15278FB42C0F603000EC9757 /* TestApp.swift in Sources */,
			);
			runOnlyForDeploymentPostprocessing = 0;
		};
/* End PBXSourcesBuildPhase section */

/* Begin XCBuildConfiguration section */
		15278FBC2C0F603200EC9757 /* Debug */ = {
			isa = XCBuildConfiguration;
			buildSettings = {
				ALWAYS_SEARCH_USER_PATHS = NO;
				ASSETCATALOG_COMPILER_GENERATE_SWIFT_ASSET_SYMBOL_EXTENSIONS = YES;
				CLANG_ANALYZER_NONNULL = YES;
				CLANG_ANALYZER_NUMBER_OBJECT_CONVERSION = YES_AGGRESSIVE;
				CLANG_CXX_LANGUAGE_STANDARD = "gnu++20";
				CLANG_ENABLE_MODULES = YES;
				CLANG_ENABLE_OBJC_ARC = YES;
				CLANG_ENABLE_OBJC_WEAK = YES;
				CLANG_WARN_BLOCK_CAPTURE_AUTORELEASING = YES;
				CLANG_WARN_BOOL_CONVERSION = YES;
				CLANG_WARN_COMMA = YES;
				CLANG_WARN_CONSTANT_CONVERSION = YES;
				CLANG_WARN_DEPRECATED_OBJC_IMPLEMENTATIONS = YES;
				CLANG_WARN_DIRECT_OBJC_ISA_USAGE = YES_ERROR;
				CLANG_WARN_DOCUMENTATION_COMMENTS = YES;
				CLANG_WARN_EMPTY_BODY = YES;
				CLANG_WARN_ENUM_CONVERSION = YES;
				CLANG_WARN_INFINITE_RECURSION = YES;
				CLANG_WARN_INT_CONVERSION = YES;
				CLANG_WARN_NON_LITERAL_NULL_CONVERSION = YES;
				CLANG_WARN_OBJC_IMPLICIT_RETAIN_SELF = YES;
				CLANG_WARN_OBJC_LITERAL_CONVERSION = YES;
				CLANG_WARN_OBJC_ROOT_CLASS = YES_ERROR;
				CLANG_WARN_QUOTED_INCLUDE_IN_FRAMEWORK_HEADER = YES;
				CLANG_WARN_RANGE_LOOP_ANALYSIS = YES;
				CLANG_WARN_STRICT_PROTOTYPES = YES;
				CLANG_WARN_SUSPICIOUS_MOVE = YES;
				CLANG_WARN_UNGUARDED_AVAILABILITY = YES_AGGRESSIVE;
				CLANG_WARN_UNREACHABLE_CODE = YES;
				CLANG_WARN__DUPLICATE_METHOD_MATCH = YES;
				COPY_PHASE_STRIP = NO;
				DEBUG_INFORMATION_FORMAT = dwarf;
				ENABLE_STRICT_OBJC_MSGSEND = YES;
				ENABLE_TESTABILITY = YES;
				ENABLE_USER_SCRIPT_SANDBOXING = YES;
				GCC_C_LANGUAGE_STANDARD = gnu17;
				GCC_DYNAMIC_NO_PIC = NO;
				GCC_NO_COMMON_BLOCKS = YES;
				GCC_OPTIMIZATION_LEVEL = 0;
				GCC_PREPROCESSOR_DEFINITIONS = (
					"DEBUG=1",
					"$(inherited)",
				);
				GCC_WARN_64_TO_32_BIT_CONVERSION = YES;
				GCC_WARN_ABOUT_RETURN_TYPE = YES_ERROR;
				GCC_WARN_UNDECLARED_SELECTOR = YES;
				GCC_WARN_UNINITIALIZED_AUTOS = YES_AGGRESSIVE;
				GCC_WARN_UNUSED_FUNCTION = YES;
				GCC_WARN_UNUSED_VARIABLE = YES;
				IPHONEOS_DEPLOYMENT_TARGET = 17.5;
				LOCALIZATION_PREFERS_STRING_CATALOGS = YES;
				MTL_ENABLE_DEBUG_INFO = INCLUDE_SOURCE;
				MTL_FAST_MATH = YES;
				ONLY_ACTIVE_ARCH = YES;
				SDKROOT = iphoneos;
				SWIFT_ACTIVE_COMPILATION_CONDITIONS = "DEBUG $(inherited)";
				SWIFT_OPTIMIZATION_LEVEL = "-Onone";
			};
			name = Debug;
		};
		15278FBD2C0F603200EC9757 /* Release */ = {
			isa = XCBuildConfiguration;
			buildSettings = {
				ALWAYS_SEARCH_USER_PATHS = NO;
				ASSETCATALOG_COMPILER_GENERATE_SWIFT_ASSET_SYMBOL_EXTENSIONS = YES;
				CLANG_ANALYZER_NONNULL = YES;
				CLANG_ANALYZER_NUMBER_OBJECT_CONVERSION = YES_AGGRESSIVE;
				CLANG_CXX_LANGUAGE_STANDARD = "gnu++20";
				CLANG_ENABLE_MODULES = YES;
				CLANG_ENABLE_OBJC_ARC = YES;
				CLANG_ENABLE_OBJC_WEAK = YES;
				CLANG_WARN_BLOCK_CAPTURE_AUTORELEASING = YES;
				CLANG_WARN_BOOL_CONVERSION = YES;
				CLANG_WARN_COMMA = YES;
				CLANG_WARN_CONSTANT_CONVERSION = YES;
				CLANG_WARN_DEPRECATED_OBJC_IMPLEMENTATIONS = YES;
				CLANG_WARN_DIRECT_OBJC_ISA_USAGE = YES_ERROR;
				CLANG_WARN_DOCUMENTATION_COMMENTS = YES;
				CLANG_WARN_EMPTY_BODY = YES;
				CLANG_WARN_ENUM_CONVERSION = YES;
				CLANG_WARN_INFINITE_RECURSION = YES;
				CLANG_WARN_INT_CONVERSION = YES;
				CLANG_WARN_NON_LITERAL_NULL_CONVERSION = YES;
				CLANG_WARN_OBJC_IMPLICIT_RETAIN_SELF = YES;
				CLANG_WARN_OBJC_LITERAL_CONVERSION = YES;
				CLANG_WARN_OBJC_ROOT_CLASS = YES_ERROR;
				CLANG_WARN_QUOTED_INCLUDE_IN_FRAMEWORK_HEADER = YES;
				CLANG_WARN_RANGE_LOOP_ANALYSIS = YES;
				CLANG_WARN_STRICT_PROTOTYPES = YES;
				CLANG_WARN_SUSPICIOUS_MOVE = YES;
				CLANG_WARN_UNGUARDED_AVAILABILITY = YES_AGGRESSIVE;
				CLANG_WARN_UNREACHABLE_CODE = YES;
				CLANG_WARN__DUPLICATE_METHOD_MATCH = YES;
				COPY_PHASE_STRIP = NO;
				DEBUG_INFORMATION_FORMAT = "dwarf-with-dsym";
				ENABLE_NS_ASSERTIONS = NO;
				ENABLE_STRICT_OBJC_MSGSEND = YES;
				ENABLE_USER_SCRIPT_SANDBOXING = YES;
				GCC_C_LANGUAGE_STANDARD = gnu17;
				GCC_NO_COMMON_BLOCKS = YES;
				GCC_WARN_64_TO_32_BIT_CONVERSION = YES;
				GCC_WARN_ABOUT_RETURN_TYPE = YES_ERROR;
				GCC_WARN_UNDECLARED_SELECTOR = YES;
				GCC_WARN_UNINITIALIZED_AUTOS = YES_AGGRESSIVE;
				GCC_WARN_UNUSED_FUNCTION = YES;
				GCC_WARN_UNUSED_VARIABLE = YES;
				IPHONEOS_DEPLOYMENT_TARGET = 17.5;
				LOCALIZATION_PREFERS_STRING_CATALOGS = YES;
				MTL_ENABLE_DEBUG_INFO = NO;
				MTL_FAST_MATH = YES;
				SDKROOT = iphoneos;
				SWIFT_COMPILATION_MODE = wholemodule;
				VALIDATE_PRODUCT = YES;
			};
			name = Release;
		};
		15278FBF2C0F603200EC9757 /* Debug */ = {
			isa = XCBuildConfiguration;
			buildSettings = {
				ASSETCATALOG_COMPILER_APPICON_NAME = AppIcon;
				ASSETCATALOG_COMPILER_GLOBAL_ACCENT_COLOR_NAME = AccentColor;
				CODE_SIGN_STYLE = Automatic;
				CURRENT_PROJECT_VERSION = 1;
				DEVELOPMENT_ASSET_PATHS = "\"Test/Preview Content\"";
				DEVELOPMENT_TEAM = RGP23Q62BT;
				ENABLE_PREVIEWS = YES;
				GENERATE_INFOPLIST_FILE = YES;
				INFOPLIST_KEY_UIApplicationSceneManifest_Generation = YES;
				INFOPLIST_KEY_UIApplicationSupportsIndirectInputEvents = YES;
				INFOPLIST_KEY_UILaunchScreen_Generation = YES;
				INFOPLIST_KEY_UISupportedInterfaceOrientations_iPad = "UIInterfaceOrientationPortrait UIInterfaceOrientationPortraitUpsideDown UIInterfaceOrientationLandscapeLeft UIInterfaceOrientationLandscapeRight";
				INFOPLIST_KEY_UISupportedInterfaceOrientations_iPhone = "UIInterfaceOrientationPortrait UIInterfaceOrientationLandscapeLeft UIInterfaceOrientationLandscapeRight";
				LD_RUNPATH_SEARCH_PATHS = (
					"$(inherited)",
					"@executable_path/Frameworks",
				);
				MARKETING_VERSION = 1.0;
				PRODUCT_BUNDLE_IDENTIFIER = me.zhalel.zhansen.Test;
				PRODUCT_NAME = "$(TARGET_NAME)";
				SWIFT_EMIT_LOC_STRINGS = YES;
				SWIFT_VERSION = 5.0;
				TARGETED_DEVICE_FAMILY = "1,2";
			};
			name = Debug;
		};
		15278FC02C0F603200EC9757 /* Release */ = {
			isa = XCBuildConfiguration;
			buildSettings = {
				ASSETCATALOG_COMPILER_APPICON_NAME = AppIcon;
				ASSETCATALOG_COMPILER_GLOBAL_ACCENT_COLOR_NAME = AccentColor;
				CODE_SIGN_STYLE = Automatic;
				CURRENT_PROJECT_VERSION = 1;
				DEVELOPMENT_ASSET_PATHS = "\"Test/Preview Content\"";
				DEVELOPMENT_TEAM = RGP23Q62BT;
				ENABLE_PREVIEWS = YES;
				GENERATE_INFOPLIST_FILE = YES;
				INFOPLIST_KEY_UIApplicationSceneManifest_Generation = YES;
				INFOPLIST_KEY_UIApplicationSupportsIndirectInputEvents = YES;
				INFOPLIST_KEY_UILaunchScreen_Generation = YES;
				INFOPLIST_KEY_UISupportedInterfaceOrientations_iPad = "UIInterfaceOrientationPortrait UIInterfaceOrientationPortraitUpsideDown UIInterfaceOrientationLandscapeLeft UIInterfaceOrientationLandscapeRight";
				INFOPLIST_KEY_UISupportedInterfaceOrientations_iPhone = "UIInterfaceOrientationPortrait UIInterfaceOrientationLandscapeLeft UIInterfaceOrientationLandscapeRight";
				LD_RUNPATH_SEARCH_PATHS = (
					"$(inherited)",
					"@executable_path/Frameworks",
				);
				MARKETING_VERSION = 1.0;
				PRODUCT_BUNDLE_IDENTIFIER = me.zhalel.zhansen.Test;
				PRODUCT_NAME = "$(TARGET_NAME)";
				SWIFT_EMIT_LOC_STRINGS = YES;
				SWIFT_VERSION = 5.0;
				TARGETED_DEVICE_FAMILY = "1,2";
			};
			name = Release;
		};
/* End XCBuildConfiguration section */

/* Begin XCConfigurationList section */
		15278FAB2C0F603000EC9757 /* Build configuration list for PBXProject "Test" */ = {
			isa = XCConfigurationList;
			buildConfigurations = (
				15278FBC2C0F603200EC9757 /* Debug */,
				15278FBD2C0F603200EC9757 /* Release */,
			);
			defaultConfigurationIsVisible = 0;
			defaultConfigurationName = Release;
		};
		15278FBE2C0F603200EC9757 /* Build configuration list for PBXNativeTarget "Test" */ = {
			isa = XCConfigurationList;
			buildConfigurations = (
				15278FBF2C0F603200EC9757 /* Debug */,
				15278FC02C0F603200EC9757 /* Release */,
			);
			defaultConfigurationIsVisible = 0;
			defaultConfigurationName = Release;
		};
/* End XCConfigurationList section */
	};
	rootObject = 15278FA82C0F603000EC9757 /* Project object */;
}
